
Microsoft Visual Studio Solution File, Format Version 12.00
# Visual Studio Version 16
VisualStudioVersion = 16.0.30225.117
MinimumVisualStudioVersion = 10.0.40219.1
Project("{FAE04EC0-301F-11D3-BF4B-00C04F79EFBC}") = "GestaoArtigos", "GestaoArtigos.csproj", "{59AD1DEF-3D32-4CC9-AE1C-2399FC17475D}"
EndProject
Global
	GlobalSection(SolutionConfigurationPlatforms) = preSolution
		Debug|Any CPU = Debug|Any CPU
		Release|Any CPU = Release|Any CPU
	EndGlobalSection
	GlobalSection(ProjectConfigurationPlatforms) = postSolution
		{59AD1DEF-3D32-4CC9-AE1C-2399FC17475D}.Debug|Any CPU.ActiveCfg = Debug|Any CPU
		{59AD1DEF-3D32-4CC9-AE1C-2399FC17475D}.Debug|Any CPU.Build.0 = Debug|Any CPU
		{59AD1DEF-3D32-4CC9-AE1C-2399FC17475D}.Release|Any CPU.ActiveCfg = Release|Any CPU
		{59AD1DEF-3D32-4CC9-AE1C-2399FC17475D}.Release|Any CPU.Build.0 = Release|Any CPU
	EndGlobalSection
	GlobalSection(SolutionProperties) = preSolution
		HideSolutionNode = FALSE
	EndGlobalSection
	GlobalSection(ExtensibilityGlobals) = postSolution
		SolutionGuid = {2E61E455-0DEB-464A-8E0D-8971CA926D13}
	EndGlobalSection
EndGlobal
